
Microsoft Visual Studio Solution File, Format Version 12.00
# Visual Studio Version 16
VisualStudioVersion = 16.0.31624.102
MinimumVisualStudioVersion = 10.0.40219.1
Project("{FAE04EC0-301F-11D3-BF4B-00C04F79EFBC}") = "Inheritance", "Inheritance\Inheritance.csproj", "{4AF67607-3741-437F-BFAE-80D6A0616C4C}"
EndProject
Global
	GlobalSection(SolutionConfigurationPlatforms) = preSolution
		Debug|Any CPU = Debug|Any CPU
		Release|Any CPU = Release|Any CPU
	EndGlobalSection
	GlobalSection(ProjectConfigurationPlatforms) = postSolution
		{4AF67607-3741-437F-BFAE-80D6A0616C4C}.Debug|Any CPU.ActiveCfg = Debug|Any CPU
		{4AF67607-3741-437F-BFAE-80D6A0616C4C}.Debug|Any CPU.Build.0 = Debug|Any CPU
		{4AF67607-3741-437F-BFAE-80D6A0616C4C}.Release|Any CPU.ActiveCfg = Release|Any CPU
		{4AF67607-3741-437F-BFAE-80D6A0616C4C}.Release|Any CPU.Build.0 = Release|Any CPU
	EndGlobalSection
	GlobalSection(SolutionProperties) = preSolution
		HideSolutionNode = FALSE
	EndGlobalSection
	GlobalSection(ExtensibilityGlobals) = postSolution
		SolutionGuid = {D1355B95-1BE1-482A-9C5D-F37532CC1E4B}
	EndGlobalSection
EndGlobal
